{"format_version":"1.0","provider_schemas":{"registry.terraform.io/scinfra-pro/aeza":{"provider":{"version":0,"block":{"attributes":{"api_key":{"type":"string","description":"API Key for Aeza provider","description_kind":"plain","required":true,"sensitive":true},"base_url":{"type":"string","description":"Base URL for Aeza API","description_kind":"plain","optional":true}},"description_kind":"plain"}},"resource_schemas":{"aeza_service":{"version":0,"block":{"attributes":{"auto_prolong":{"type":"bool","description_kind":"plain","optional":true},"created_at":{"type":"string","description":"Service create timestamp","description_kind":"plain","computed":true},"date":{"type":"string","description_kind":"plain","computed":true},"expires_at":{"type":"string","description":"Service expiration timestamp","description_kind":"plain","computed":true},"group_id":{"type":"number","description_kind":"plain","computed":true},"id":{"type":"string","description_kind":"plain","optional":true,"computed":true},"ip":{"type":"string","description_kind":"plain","computed":true},"iso_url":{"type":"string","description_kind":"plain","optional":true,"computed":true},"location_name":{"type":"string","description_kind":"plain","computed":true},"name":{"type":"string","description_kind":"plain","required":true},"order_id":{"type":"number","description_kind":"plain","computed":true},"os":{"type":"string","description_kind":"plain","optional":true,"computed":true},"payment_term":{"type":"string","description_kind":"plain","optional":true},"price":{"type":"string","description_kind":"plain","computed":true},"product_id":{"type":"number","description_kind":"plain","required":true},"product_name":{"type":"string","description_kind":"plain","computed":true},"product_type":{"type":"string","description_kind":"plain","computed":true},"purchased_at":{"type":"string","description":"Service purchase timestamp","description_kind":"plain","computed":true},"recipe":{"type":"string","description_kind":"plain","optional":true,"computed":true},"status":{"type":"string","description_kind":"plain","computed":true},"transaction_amount":{"type":"string","description_kind":"plain","computed":true},"updated_at":{"type":"string","description_kind":"plain","computed":true}},"description":"Resource for managing Aeza services","description_kind":"plain"}},"aeza_service_actions":{"version":0,"block":{"attributes":{"id":{"type":"string","description_kind":"plain","optional":true,"computed":true},"is_active":{"type":"bool","description":"Power state of the service (true = resume/power on, false = suspend/power off)","description_kind":"plain","optional":true},"restart":{"type":"bool","description":"Restart the service","description_kind":"plain","optional":true},"service_id":{"type":"number","description":"ID of the service to manage","description_kind":"plain","required":true}},"description":"Resource for managing service actions (on, off, reboot)","description_kind":"plain"}},"aeza_service_prolong":{"version":0,"block":{"attributes":{"force":{"type":"bool","description":"Force prolongation on every apply","description_kind":"plain","optional":true},"id":{"type":"string","description_kind":"plain","optional":true,"computed":true},"method":{"type":"string","description":"Payment method (balance, sms, etc.)","description_kind":"plain","optional":true},"service_id":{"type":"number","description":"ID of the service to prolong","description_kind":"plain","required":true},"term":{"type":"string","description":"Payment term (hour, day, month)","description_kind":"plain","required":true},"term_count":{"type":"number","description":"Number of terms to prolong","description_kind":"plain","required":true},"transaction_amount":{"type":"string","description":"Amount of the transaction","description_kind":"plain","computed":true},"transaction_created_at":{"type":"number","description":"Timestamp when the transaction was created","description_kind":"plain","computed":true},"transaction_id":{"type":"number","description":"ID of the transaction created by the prolong operation","description_kind":"plain","computed":true},"transaction_status":{"type":"string","description":"Status of the transaction (created, pending, completed)","description_kind":"plain","computed":true},"transaction_type":{"type":"string","description":"Type of the transaction (prolong, etc.)","description_kind":"plain","computed":true}},"description":"Resource for prolonging Aeza services","description_kind":"plain"}}},"data_source_schemas":{"aeza_os":{"version":0,"block":{"attributes":{"id":{"type":"string","description_kind":"plain","optional":true,"computed":true},"os_list":{"type":["list",["object",{"enabled":"bool","group":"string","id":"number","name":"string","order":"number","repository":"string","slug":"string","targets":["map","number"],"username":"string"}]],"description_kind":"plain","computed":true}},"description":"Data source for retrieving list of Aeza operating systems","description_kind":"plain"}},"aeza_products":{"version":0,"block":{"attributes":{"id":{"type":"string","description_kind":"plain","optional":true,"computed":true},"products":{"type":["list",["object",{"group_id":"number","id":"number","name":"string","prices":["map","number"],"service_handler":"string","type":"string"}]],"description_kind":"plain","computed":true}},"description":"Data source for retrieving list of Aeza products","description_kind":"plain"}},"aeza_recipes":{"version":0,"block":{"attributes":{"id":{"type":"string","description_kind":"plain","optional":true,"computed":true},"recipes":{"type":["list",["object",{"description":"string","enabled":"bool","icon":"string","id":"number","name":"string","operating_system":"string","os":"number","slug":"string","tags":["list","string"],"targets":["map","number"]}]],"description_kind":"plain","computed":true}},"description":"Data source for retrieving list of Aeza recipes","description_kind":"plain"}},"aeza_service_groups":{"version":0,"block":{"attributes":{"groups":{"type":["list",["object",{"country_code":"string","cpu_frequency":"string","cpu_model":"string","description":"string","features":"string","group_type":"string","id":"number","ipv4_count":"number","ipv6_subnet":"string","is_disabled":"bool","location":"string","name":"string","network_speed":"string","server_type":"string","service_handler":"string","type":"string"}]],"description_kind":"plain","computed":true},"id":{"type":"string","description_kind":"plain","optional":true,"computed":true},"service_type":{"type":"string","description":"Filter groups by service type (e.g., 'vps', 'dedicated', 'hicpu')","description_kind":"plain","optional":true}},"description":"Data source for retrieving Aeza service groups","description_kind":"plain"}},"aeza_service_types":{"version":0,"block":{"attributes":{"id":{"type":"string","description_kind":"plain","optional":true,"computed":true},"service_types":{"type":["list",["object",{"name":"string","order":"number","slug":"string"}]],"description_kind":"plain","computed":true}},"description":"Data source for retrieving list of Aeza service types","description_kind":"plain"}},"aeza_services":{"version":0,"block":{"attributes":{"id":{"type":"string","description_kind":"plain","optional":true,"computed":true},"services":{"type":["list",["object",{"auto_prolong":"bool","created_at":"string","expires_at":"string","id":"number","ip":"string","location_code":"string","name":"string","payment_term":"string","price_display":"string","price_raw":"number","product_name":"string","status":"string","type_slug":"string"}]],"description_kind":"plain","computed":true}},"description":"Data source for retrieving list of Aeza services","description_kind":"plain"}}}}}}
